// !$*UTF8*$!
{
	archiveVersion = 1;
	classes = {
	};
	objectVersion = 46;
	objects = {

/* Begin PBXBuildFile section */
		F17714EA1AD98C3C001A0E55 /* AppDelegate.swift in Sources */ = {isa = PBXBuildFile; fileRef = F17714E91AD98C3C001A0E55 /* AppDelegate.swift */; };
		F17714EC1AD98C3C001A0E55 /* ViewController.swift in Sources */ = {isa = PBXBuildFile; fileRef = F17714EB1AD98C3C001A0E55 /* ViewController.swift */; };
		F17714EF1AD98C3C001A0E55 /* Main.storyboard in Resources */ = {isa = PBXBuildFile; fileRef = F17714ED1AD98C3C001A0E55 /* Main.storyboard */; };
		F17714F11AD98C3C001A0E55 /* Images.xcassets in Resources */ = {isa = PBXBuildFile; fileRef = F17714F01AD98C3C001A0E55 /* Images.xcassets */; };
		F17714F41AD98C3C001A0E55 /* LaunchScreen.xib in Resources */ = {isa = PBXBuildFile; fileRef = F17714F21AD98C3C001A0E55 /* LaunchScreen.xib */; };
		F17715001AD98C3C001A0E55 /* Class_RosterTests.swift in Sources */ = {isa = PBXBuildFile; fileRef = F17714FF1AD98C3C001A0E55 /* Class_RosterTests.swift */; };
		F177150A1AD9B7A4001A0E55 /* Person.swift in Sources */ = {isa = PBXBuildFile; fileRef = F17715091AD9B7A4001A0E55 /* Person.swift */; };
		F177150C1AD9C20B001A0E55 /* PersonDetailViewController.swift in Sources */ = {isa = PBXBuildFile; fileRef = F177150B1AD9C20B001A0E55 /* PersonDetailViewController.swift */; };
/* End PBXBuildFile section */

/* Begin PBXContainerItemProxy section */
		F17714FA1AD98C3C001A0E55 /* PBXContainerItemProxy */ = {
			isa = PBXContainerItemProxy;
			containerPortal = F17714DC1AD98C3C001A0E55 /* Project object */;
			proxyType = 1;
			remoteGlobalIDString = F17714E31AD98C3C001A0E55;
			remoteInfo = "Class Roster";
		};
/* End PBXContainerItemProxy section */

/* Begin PBXFileReference section */
		F17714E41AD98C3C001A0E55 /* Class Roster.app */ = {isa = PBXFileReference; explicitFileType = wrapper.application; includeInIndex = 0; path = "Class Roster.app"; sourceTree = BUILT_PRODUCTS_DIR; };
		F17714E81AD98C3C001A0E55 /* Info.plist */ = {isa = PBXFileReference; lastKnownFileType = text.plist.xml; path = Info.plist; sourceTree = "<group>"; };
		F17714E91AD98C3C001A0E55 /* AppDelegate.swift */ = {isa = PBXFileReference; lastKnownFileType = sourcecode.swift; path = AppDelegate.swift; sourceTree = "<group>"; };
		F17714EB1AD98C3C001A0E55 /* ViewController.swift */ = {isa = PBXFileReference; lastKnownFileType = sourcecode.swift; path = ViewController.swift; sourceTree = "<group>"; };
		F17714EE1AD98C3C001A0E55 /* Base */ = {isa = PBXFileReference; lastKnownFileType = file.storyboard; name = Base; path = Base.lproj/Main.storyboard; sourceTree = "<group>"; };
		F17714F01AD98C3C001A0E55 /* Images.xcassets */ = {isa = PBXFileReference; lastKnownFileType = folder.assetcatalog; path = Images.xcassets; sourceTree = "<group>"; };
		F17714F31AD98C3C001A0E55 /* Base */ = {isa = PBXFileReference; lastKnownFileType = file.xib; name = Base; path = Base.lproj/LaunchScreen.xib; sourceTree = "<group>"; };
		F17714F91AD98C3C001A0E55 /* Class RosterTests.xctest */ = {isa = PBXFileReference; explicitFileType = wrapper.cfbundle; includeInIndex = 0; path = "Class RosterTests.xctest"; sourceTree = BUILT_PRODUCTS_DIR; };
		F17714FE1AD98C3C001A0E55 /* Info.plist */ = {isa = PBXFileReference; lastKnownFileType = text.plist.xml; path = Info.plist; sourceTree = "<group>"; };
		F17714FF1AD98C3C001A0E55 /* Class_RosterTests.swift */ = {isa = PBXFileReference; lastKnownFileType = sourcecode.swift; path = Class_RosterTests.swift; sourceTree = "<group>"; };
		F17715091AD9B7A4001A0E55 /* Person.swift */ = {isa = PBXFileReference; fileEncoding = 4; lastKnownFileType = sourcecode.swift; path = Person.swift; sourceTree = "<group>"; };
		F177150B1AD9C20B001A0E55 /* PersonDetailViewController.swift */ = {isa = PBXFileReference; fileEncoding = 4; lastKnownFileType = sourcecode.swift; path = PersonDetailViewController.swift; sourceTree = "<group>"; };
/* End PBXFileReference section */

/* Begin PBXFrameworksBuildPhase section */
		F17714E11AD98C3C001A0E55 /* Frameworks */ = {
			isa = PBXFrameworksBuildPhase;
			buildActionMask = 2147483647;
			files = (
			);
			runOnlyForDeploymentPostprocessing = 0;
		};
		F17714F61AD98C3C001A0E55 /* Frameworks */ = {
			isa = PBXFrameworksBuildPhase;
			buildActionMask = 2147483647;
			files = (
			);
			runOnlyForDeploymentPostprocessing = 0;
		};
/* End PBXFrameworksBuildPhase section */

/* Begin PBXGroup section */
		F17714DB1AD98C3C001A0E55 = {
			isa = PBXGroup;
			children = (
				F17714E61AD98C3C001A0E55 /* Class Roster */,
				F17714FC1AD98C3C001A0E55 /* Class RosterTests */,
				F17714E51AD98C3C001A0E55 /* Products */,
			);
			sourceTree = "<group>";
		};
		F17714E51AD98C3C001A0E55 /* Products */ = {
			isa = PBXGroup;
			children = (
				F17714E41AD98C3C001A0E55 /* Class Roster.app */,
				F17714F91AD98C3C001A0E55 /* Class RosterTests.xctest */,
			);
			name = Products;
			sourceTree = "<group>";
		};
		F17714E61AD98C3C001A0E55 /* Class Roster */ = {
			isa = PBXGroup;
			children = (
				F17714E91AD98C3C001A0E55 /* AppDelegate.swift */,
				F17714EB1AD98C3C001A0E55 /* ViewController.swift */,
				F17714ED1AD98C3C001A0E55 /* Main.storyboard */,
				F177150B1AD9C20B001A0E55 /* PersonDetailViewController.swift */,
				F17715091AD9B7A4001A0E55 /* Person.swift */,
				F17714F01AD98C3C001A0E55 /* Images.xcassets */,
				F17714F21AD98C3C001A0E55 /* LaunchScreen.xib */,
				F17714E71AD98C3C001A0E55 /* Supporting Files */,
			);
			path = "Class Roster";
			sourceTree = "<group>";
		};
		F17714E71AD98C3C001A0E55 /* Supporting Files */ = {
			isa = PBXGroup;
			children = (
				F17714E81AD98C3C001A0E55 /* Info.plist */,
			);
			name = "Supporting Files";
			sourceTree = "<group>";
		};
		F17714FC1AD98C3C001A0E55 /* Class RosterTests */ = {
			isa = PBXGroup;
			children = (
				F17714FF1AD98C3C001A0E55 /* Class_RosterTests.swift */,
				F17714FD1AD98C3C001A0E55 /* Supporting Files */,
			);
			path = "Class RosterTests";
			sourceTree = "<group>";
		};
		F17714FD1AD98C3C001A0E55 /* Supporting Files */ = {
			isa = PBXGroup;
			children = (
				F17714FE1AD98C3C001A0E55 /* Info.plist */,
			);
			name = "Supporting Files";
			sourceTree = "<group>";
		};
/* End PBXGroup section */

/* Begin PBXNativeTarget section */
		F17714E31AD98C3C001A0E55 /* Class Roster */ = {
			isa = PBXNativeTarget;
			buildConfigurationList = F17715031AD98C3C001A0E55 /* Build configuration list for PBXNativeTarget "Class Roster" */;
			buildPhases = (
				F17714E01AD98C3C001A0E55 /* Sources */,
				F17714E11AD98C3C001A0E55 /* Frameworks */,
				F17714E21AD98C3C001A0E55 /* Resources */,
			);
			buildRules = (
			);
			dependencies = (
			);
			name = "Class Roster";
			productName = "Class Roster";
			productReference = F17714E41AD98C3C001A0E55 /* Class Roster.app */;
			productType = "com.apple.product-type.application";
		};
		F17714F81AD98C3C001A0E55 /* Class RosterTests */ = {
			isa = PBXNativeTarget;
			buildConfigurationList = F17715061AD98C3C001A0E55 /* Build configuration list for PBXNativeTarget "Class RosterTests" */;
			buildPhases = (
				F17714F51AD98C3C001A0E55 /* Sources */,
				F17714F61AD98C3C001A0E55 /* Frameworks */,
				F17714F71AD98C3C001A0E55 /* Resources */,
			);
			buildRules = (
			);
			dependencies = (
				F17714FB1AD98C3C001A0E55 /* PBXTargetDependency */,
			);
			name = "Class RosterTests";
			productName = "Class RosterTests";
			productReference = F17714F91AD98C3C001A0E55 /* Class RosterTests.xctest */;
			productType = "com.apple.product-type.bundle.unit-test";
		};
/* End PBXNativeTarget section */

/* Begin PBXProject section */
		F17714DC1AD98C3C001A0E55 /* Project object */ = {
			isa = PBXProject;
			attributes = {
				LastUpgradeCheck = 0630;
				ORGANIZATIONNAME = "Adnan Aziz";
				TargetAttributes = {
					F17714E31AD98C3C001A0E55 = {
						CreatedOnToolsVersion = 6.3;
					};
					F17714F81AD98C3C001A0E55 = {
						CreatedOnToolsVersion = 6.3;
						TestTargetID = F17714E31AD98C3C001A0E55;
					};
				};
			};
			buildConfigurationList = F17714DF1AD98C3C001A0E55 /* Build configuration list for PBXProject "Class Roster" */;
			compatibilityVersion = "Xcode 3.2";
			developmentRegion = English;
			hasScannedForEncodings = 0;
			knownRegions = (
				en,
				Base,
			);
			mainGroup = F17714DB1AD98C3C001A0E55;
			productRefGroup = F17714E51AD98C3C001A0E55 /* Products */;
			projectDirPath = "";
			projectRoot = "";
			targets = (
				F17714E31AD98C3C001A0E55 /* Class Roster */,
				F17714F81AD98C3C001A0E55 /* Class RosterTests */,
			);
		};
/* End PBXProject section */

/* Begin PBXResourcesBuildPhase section */
		F17714E21AD98C3C001A0E55 /* Resources */ = {
			isa = PBXResourcesBuildPhase;
			buildActionMask = 2147483647;
			files = (
				F17714EF1AD98C3C001A0E55 /* Main.storyboard in Resources */,
				F17714F41AD98C3C001A0E55 /* LaunchScreen.xib in Resources */,
				F17714F11AD98C3C001A0E55 /* Images.xcassets in Resources */,
			);
			runOnlyForDeploymentPostprocessing = 0;
		};
		F17714F71AD98C3C001A0E55 /* Resources */ = {
			isa = PBXResourcesBuildPhase;
			buildActionMask = 2147483647;
			files = (
			);
			runOnlyForDeploymentPostprocessing = 0;
		};
/* End PBXResourcesBuildPhase section */

/* Begin PBXSourcesBuildPhase section */
		F17714E01AD98C3C001A0E55 /* Sources */ = {
			isa = PBXSourcesBuildPhase;
			buildActionMask = 2147483647;
			files = (
				F177150C1AD9C20B001A0E55 /* PersonDetailViewController.swift in Sources */,
				F177150A1AD9B7A4001A0E55 /* Person.swift in Sources */,
				F17714EC1AD98C3C001A0E55 /* ViewController.swift in Sources */,
				F17714EA1AD98C3C001A0E55 /* AppDelegate.swift in Sources */,
			);
			runOnlyForDeploymentPostprocessing = 0;
		};
		F17714F51AD98C3C001A0E55 /* Sources */ = {
			isa = PBXSourcesBuildPhase;
			buildActionMask = 2147483647;
			files = (
				F17715001AD98C3C001A0E55 /* Class_RosterTests.swift in Sources */,
			);
			runOnlyForDeploymentPostprocessing = 0;
		};
/* End PBXSourcesBuildPhase section */

/* Begin PBXTargetDependency section */
		F17714FB1AD98C3C001A0E55 /* PBXTargetDependency */ = {
			isa = PBXTargetDependency;
			target = F17714E31AD98C3C001A0E55 /* Class Roster */;
			targetProxy = F17714FA1AD98C3C001A0E55 /* PBXContainerItemProxy */;
		};
/* End PBXTargetDependency section */

/* Begin PBXVariantGroup section */
		F17714ED1AD98C3C001A0E55 /* Main.storyboard */ = {
			isa = PBXVariantGroup;
			children = (
				F17714EE1AD98C3C001A0E55 /* Base */,
			);
			name = Main.storyboard;
			sourceTree = "<group>";
		};
		F17714F21AD98C3C001A0E55 /* LaunchScreen.xib */ = {
			isa = PBXVariantGroup;
			children = (
				F17714F31AD98C3C001A0E55 /* Base */,
			);
			name = LaunchScreen.xib;
			sourceTree = "<group>";
		};
/* End PBXVariantGroup section */

/* Begin XCBuildConfiguration section */
		F17715011AD98C3C001A0E55 /* Debug */ = {
			isa = XCBuildConfiguration;
			buildSettings = {
				ALWAYS_SEARCH_USER_PATHS = NO;
				CLANG_CXX_LANGUAGE_STANDARD = "gnu++0x";
				CLANG_CXX_LIBRARY = "libc++";
				CLANG_ENABLE_MODULES = YES;
				CLANG_ENABLE_OBJC_ARC = YES;
				CLANG_WARN_BOOL_CONVERSION = YES;
				CLANG_WARN_CONSTANT_CONVERSION = YES;
				CLANG_WARN_DIRECT_OBJC_ISA_USAGE = YES_ERROR;
				CLANG_WARN_EMPTY_BODY = YES;
				CLANG_WARN_ENUM_CONVERSION = YES;
				CLANG_WARN_INT_CONVERSION = YES;
				CLANG_WARN_OBJC_ROOT_CLASS = YES_ERROR;
				CLANG_WARN_UNREACHABLE_CODE = YES;
				CLANG_WARN__DUPLICATE_METHOD_MATCH = YES;
				"CODE_SIGN_IDENTITY[sdk=iphoneos*]" = "iPhone Developer";
				COPY_PHASE_STRIP = NO;
				DEBUG_INFORMATION_FORMAT = "dwarf-with-dsym";
				ENABLE_STRICT_OBJC_MSGSEND = YES;
				GCC_C_LANGUAGE_STANDARD = gnu99;
				GCC_DYNAMIC_NO_PIC = NO;
				GCC_NO_COMMON_BLOCKS = YES;
				GCC_OPTIMIZATION_LEVEL = 0;
				GCC_PREPROCESSOR_DEFINITIONS = (
					"DEBUG=1",
					"$(inherited)",
				);
				GCC_SYMBOLS_PRIVATE_EXTERN = NO;
				GCC_WARN_64_TO_32_BIT_CONVERSION = YES;
				GCC_WARN_ABOUT_RETURN_TYPE = YES_ERROR;
				GCC_WARN_UNDECLARED_SELECTOR = YES;
				GCC_WARN_UNINITIALIZED_AUTOS = YES_AGGRESSIVE;
				GCC_WARN_UNUSED_FUNCTION = YES;
				GCC_WARN_UNUSED_VARIABLE = YES;
				IPHONEOS_DEPLOYMENT_TARGET = 8.3;
				MTL_ENABLE_DEBUG_INFO = YES;
				ONLY_ACTIVE_ARCH = YES;
				SDKROOT = iphoneos;
				SWIFT_OPTIMIZATION_LEVEL = "-Onone";
			};
			name = Debug;
		};
		F17715021AD98C3C001A0E55 /* Release */ = {
			isa = XCBuildConfiguration;
			buildSettings = {
				ALWAYS_SEARCH_USER_PATHS = NO;
				CLANG_CXX_LANGUAGE_STANDARD = "gnu++0x";
				CLANG_CXX_LIBRARY = "libc++";
				CLANG_ENABLE_MODULES = YES;
				CLANG_ENABLE_OBJC_ARC = YES;
				CLANG_WARN_BOOL_CONVERSION = YES;
				CLANG_WARN_CONSTANT_CONVERSION = YES;
				CLANG_WARN_DIRECT_OBJC_ISA_USAGE = YES_ERROR;
				CLANG_WARN_EMPTY_BODY = YES;
				CLANG_WARN_ENUM_CONVERSION = YES;
				CLANG_WARN_INT_CONVERSION = YES;
				CLANG_WARN_OBJC_ROOT_CLASS = YES_ERROR;
				CLANG_WARN_UNREACHABLE_CODE = YES;
				CLANG_WARN__DUPLICATE_METHOD_MATCH = YES;
				"CODE_SIGN_IDENTITY[sdk=iphoneos*]" = "iPhone Developer";
				COPY_PHASE_STRIP = NO;
				DEBUG_INFORMATION_FORMAT = "dwarf-with-dsym";
				ENABLE_NS_ASSERTIONS = NO;
				ENABLE_STRICT_OBJC_MSGSEND = YES;
				GCC_C_LANGUAGE_STANDARD = gnu99;
				GCC_NO_COMMON_BLOCKS = YES;
				GCC_WARN_64_TO_32_BIT_CONVERSION = YES;
				GCC_WARN_ABOUT_RETURN_TYPE = YES_ERROR;
				GCC_WARN_UNDECLARED_SELECTOR = YES;
				GCC_WARN_UNINITIALIZED_AUTOS = YES_AGGRESSIVE;
				GCC_WARN_UNUSED_FUNCTION = YES;
				GCC_WARN_UNUSED_VARIABLE = YES;
				IPHONEOS_DEPLOYMENT_TARGET = 8.3;
				MTL_ENABLE_DEBUG_INFO = NO;
				SDKROOT = iphoneos;
				VALIDATE_PRODUCT = YES;
			};
			name = Release;
		};
		F17715041AD98C3C001A0E55 /* Debug */ = {
			isa = XCBuildConfiguration;
			buildSettings = {
				ASSETCATALOG_COMPILER_APPICON_NAME = AppIcon;
				INFOPLIST_FILE = "Class Roster/Info.plist";
				LD_RUNPATH_SEARCH_PATHS = "$(inherited) @executable_path/Frameworks";
				PRODUCT_NAME = "$(TARGET_NAME)";
			};
			name = Debug;
		};
		F17715051AD98C3C001A0E55 /* Release */ = {
			isa = XCBuildConfiguration;
			buildSettings = {
				ASSETCATALOG_COMPILER_APPICON_NAME = AppIcon;
				INFOPLIST_FILE = "Class Roster/Info.plist";
				LD_RUNPATH_SEARCH_PATHS = "$(inherited) @executable_path/Frameworks";
				PRODUCT_NAME = "$(TARGET_NAME)";
			};
			name = Release;
		};
		F17715071AD98C3C001A0E55 /* Debug */ = {
			isa = XCBuildConfiguration;
			buildSettings = {
				BUNDLE_LOADER = "$(TEST_HOST)";
				FRAMEWORK_SEARCH_PATHS = (
					"$(SDKROOT)/Developer/Library/Frameworks",
					"$(inherited)",
				);
				GCC_PREPROCESSOR_DEFINITIONS = (
					"DEBUG=1",
					"$(inherited)",
				);
				INFOPLIST_FILE = "Class RosterTests/Info.plist";
				LD_RUNPATH_SEARCH_PATHS = "$(inherited) @executable_path/Frameworks @loader_path/Frameworks";
				PRODUCT_NAME = "$(TARGET_NAME)";
				TEST_HOST = "$(BUILT_PRODUCTS_DIR)/Class Roster.app/Class Roster";
			};
			name = Debug;
		};
		F17715081AD98C3C001A0E55 /* Release */ = {
			isa = XCBuildConfiguration;
			buildSettings = {
				BUNDLE_LOADER = "$(TEST_HOST)";
				FRAMEWORK_SEARCH_PATHS = (
					"$(SDKROOT)/Developer/Library/Frameworks",
					"$(inherited)",
				);
				INFOPLIST_FILE = "Class RosterTests/Info.plist";
				LD_RUNPATH_SEARCH_PATHS = "$(inherited) @executable_path/Frameworks @loader_path/Frameworks";
				PRODUCT_NAME = "$(TARGET_NAME)";
				TEST_HOST = "$(BUILT_PRODUCTS_DIR)/Class Roster.app/Class Roster";
			};
			name = Release;
		};
/* End XCBuildConfiguration section */

/* Begin XCConfigurationList section */
		F17714DF1AD98C3C001A0E55 /* Build configuration list for PBXProject "Class Roster" */ = {
			isa = XCConfigurationList;
			buildConfigurations = (
				F17715011AD98C3C001A0E55 /* Debug */,
				F17715021AD98C3C001A0E55 /* Release */,
			);
			defaultConfigurationIsVisible = 0;
			defaultConfigurationName = Release;
		};
		F17715031AD98C3C001A0E55 /* Build configuration list for PBXNativeTarget "Class Roster" */ = {
			isa = XCConfigurationList;
			buildConfigurations = (
				F17715041AD98C3C001A0E55 /* Debug */,
				F17715051AD98C3C001A0E55 /* Release */,
			);
			defaultConfigurationIsVisible = 0;
		};
		F17715061AD98C3C001A0E55 /* Build configuration list for PBXNativeTarget "Class RosterTests" */ = {
			isa = XCConfigurationList;
			buildConfigurations = (
				F17715071AD98C3C001A0E55 /* Debug */,
				F17715081AD98C3C001A0E55 /* Release */,
			);
			defaultConfigurationIsVisible = 0;
		};
/* End XCConfigurationList section */
	};
	rootObject = F17714DC1AD98C3C001A0E55 /* Project object */;
}
